
Microsoft Visual Studio Solution File, Format Version 12.00
# Visual Studio Version 16
VisualStudioVersion = 16.0.31205.134
MinimumVisualStudioVersion = 10.0.40219.1
Project("{FAE04EC0-301F-11D3-BF4B-00C04F79EFBC}") = "WindowsFormsApp3", "WindowsFormsApp3.csproj", "{6A9CA04E-2B87-43C5-8713-7C59F38FF656}"
EndProject
Global
	GlobalSection(SolutionConfigurationPlatforms) = preSolution
		Debug|Any CPU = Debug|Any CPU
		Release|Any CPU = Release|Any CPU
	EndGlobalSection
	GlobalSection(ProjectConfigurationPlatforms) = postSolution
		{6A9CA04E-2B87-43C5-8713-7C59F38FF656}.Debug|Any CPU.ActiveCfg = Debug|Any CPU
		{6A9CA04E-2B87-43C5-8713-7C59F38FF656}.Debug|Any CPU.Build.0 = Debug|Any CPU
		{6A9CA04E-2B87-43C5-8713-7C59F38FF656}.Release|Any CPU.ActiveCfg = Release|Any CPU
		{6A9CA04E-2B87-43C5-8713-7C59F38FF656}.Release|Any CPU.Build.0 = Release|Any CPU
	EndGlobalSection
	GlobalSection(SolutionProperties) = preSolution
		HideSolutionNode = FALSE
	EndGlobalSection
	GlobalSection(ExtensibilityGlobals) = postSolution
		SolutionGuid = {EF7DCAA4-631A-4041-8E48-27B7A7C80F9B}
	EndGlobalSection
EndGlobal
